Microsoft Visual Studio Solution File, Format Version 12.00
# Visual Studio Version 17
VisualStudioVersion = 17.5.2.0
MinimumVisualStudioVersion = 10.0.40219.1
Project("{FAE04EC0-301F-11D3-BF4B-00C04F79EFBC}") = "CalculadoraImpuestos", "CalculadoraImpuestos\CalculadoraImpuestos.csproj", "{AF5F33A6-6B3D-DC08-CD8B-92ECB4B98D16}"
EndProject
Global
	GlobalSection(SolutionConfigurationPlatforms) = preSolution
		Debug|Any CPU = Debug|Any CPU
		Release|Any CPU = Release|Any CPU
	EndGlobalSection
	GlobalSection(ProjectConfigurationPlatforms) = postSolution
		{AF5F33A6-6B3D-DC08-CD8B-92ECB4B98D16}.Debug|Any CPU.ActiveCfg = Debug|Any CPU
		{AF5F33A6-6B3D-DC08-CD8B-92ECB4B98D16}.Debug|Any CPU.Build.0 = Debug|Any CPU
		{AF5F33A6-6B3D-DC08-CD8B-92ECB4B98D16}.Release|Any CPU.ActiveCfg = Release|Any CPU
		{AF5F33A6-6B3D-DC08-CD8B-92ECB4B98D16}.Release|Any CPU.Build.0 = Release|Any CPU
	EndGlobalSection
	GlobalSection(SolutionProperties) = preSolution
		HideSolutionNode = FALSE
	EndGlobalSection
	GlobalSection(ExtensibilityGlobals) = postSolution
		SolutionGuid = {B86C7BAB-EF6E-4D90-8118-6F2D71C29B35}
	EndGlobalSection
EndGlobal
